
Microsoft Visual Studio Solution File, Format Version 12.00
# Visual Studio 2013
VisualStudioVersion = 12.0.31101.0
MinimumVisualStudioVersion = 10.0.40219.1
Project("{FAE04EC0-301F-11D3-BF4B-00C04F79EFBC}") = "students", "students\students.csproj", "{0653E2ED-F5D1-446B-BA83-E42371F48575}"
EndProject
Project("{FAE04EC0-301F-11D3-BF4B-00C04F79EFBC}") = "Vowels", "Vowels\Vowels.csproj", "{542729D4-59AE-4188-B16F-036066D20C43}"
EndProject
Global
	GlobalSection(SolutionConfigurationPlatforms) = preSolution
		Debug|Any CPU = Debug|Any CPU
		Release|Any CPU = Release|Any CPU
	EndGlobalSection
	GlobalSection(ProjectConfigurationPlatforms) = postSolution
		{0653E2ED-F5D1-446B-BA83-E42371F48575}.Debug|Any CPU.ActiveCfg = Debug|Any CPU
		{0653E2ED-F5D1-446B-BA83-E42371F48575}.Debug|Any CPU.Build.0 = Debug|Any CPU
		{0653E2ED-F5D1-446B-BA83-E42371F48575}.Release|Any CPU.ActiveCfg = Release|Any CPU
		{0653E2ED-F5D1-446B-BA83-E42371F48575}.Release|Any CPU.Build.0 = Release|Any CPU
		{542729D4-59AE-4188-B16F-036066D20C43}.Debug|Any CPU.ActiveCfg = Debug|Any CPU
		{542729D4-59AE-4188-B16F-036066D20C43}.Debug|Any CPU.Build.0 = Debug|Any CPU
		{542729D4-59AE-4188-B16F-036066D20C43}.Release|Any CPU.ActiveCfg = Release|Any CPU
		{542729D4-59AE-4188-B16F-036066D20C43}.Release|Any CPU.Build.0 = Release|Any CPU
	EndGlobalSection
	GlobalSection(SolutionProperties) = preSolution
		HideSolutionNode = FALSE
	EndGlobalSection
EndGlobal
